// !$*UTF8*$!
{
	archiveVersion = 1;
	classes = {
	};
	objectVersion = 46;
	objects = {

/* Begin PBXBuildFile section */
		183F548F1D9525BF00B9F586 /* AppDelegate.swift in Sources */ = {isa = PBXBuildFile; fileRef = 183F548E1D9525BF00B9F586 /* AppDelegate.swift */; };
		183F54911D9525BF00B9F586 /* ViewController.swift in Sources */ = {isa = PBXBuildFile; fileRef = 183F54901D9525BF00B9F586 /* ViewController.swift */; };
		183F54941D9525BF00B9F586 /* Main.storyboard in Resources */ = {isa = PBXBuildFile; fileRef = 183F54921D9525BF00B9F586 /* Main.storyboard */; };
		183F54961D9525BF00B9F586 /* Assets.xcassets in Resources */ = {isa = PBXBuildFile; fileRef = 183F54951D9525BF00B9F586 /* Assets.xcassets */; };
		183F54991D9525BF00B9F586 /* LaunchScreen.storyboard in Resources */ = {isa = PBXBuildFile; fileRef = 183F54971D9525BF00B9F586 /* LaunchScreen.storyboard */; };
		183F54AB1D952AB700B9F586 /* PTCalendarPickerCollectionViewCell.swift in Sources */ = {isa = PBXBuildFile; fileRef = 183F54AA1D952AB700B9F586 /* PTCalendarPickerCollectionViewCell.swift */; };
		183F54AD1D952AC800B9F586 /* PTCalendarPickerView.swift in Sources */ = {isa = PBXBuildFile; fileRef = 183F54AC1D952AC800B9F586 /* PTCalendarPickerView.swift */; };
		183F54B01D952AD200B9F586 /* PTCalendarPicker_left.png in Resources */ = {isa = PBXBuildFile; fileRef = 183F54AE1D952AD200B9F586 /* PTCalendarPicker_left.png */; };
		183F54B11D952AD200B9F586 /* PTCalendarPicker_right.png in Resources */ = {isa = PBXBuildFile; fileRef = 183F54AF1D952AD200B9F586 /* PTCalendarPicker_right.png */; };
/* End PBXBuildFile section */

/* Begin PBXFileReference section */
		183F548B1D9525BF00B9F586 /* PTCalendarPicker.app */ = {isa = PBXFileReference; explicitFileType = wrapper.application; includeInIndex = 0; path = PTCalendarPicker.app; sourceTree = BUILT_PRODUCTS_DIR; };
		183F548E1D9525BF00B9F586 /* AppDelegate.swift */ = {isa = PBXFileReference; lastKnownFileType = sourcecode.swift; path = AppDelegate.swift; sourceTree = "<group>"; };
		183F54901D9525BF00B9F586 /* ViewController.swift */ = {isa = PBXFileReference; lastKnownFileType = sourcecode.swift; path = ViewController.swift; sourceTree = "<group>"; };
		183F54931D9525BF00B9F586 /* Base */ = {isa = PBXFileReference; lastKnownFileType = file.storyboard; name = Base; path = Base.lproj/Main.storyboard; sourceTree = "<group>"; };
		183F54951D9525BF00B9F586 /* Assets.xcassets */ = {isa = PBXFileReference; lastKnownFileType = folder.assetcatalog; path = Assets.xcassets; sourceTree = "<group>"; };
		183F54981D9525BF00B9F586 /* Base */ = {isa = PBXFileReference; lastKnownFileType = file.storyboard; name = Base; path = Base.lproj/LaunchScreen.storyboard; sourceTree = "<group>"; };
		183F549A1D9525BF00B9F586 /* Info.plist */ = {isa = PBXFileReference; lastKnownFileType = text.plist.xml; path = Info.plist; sourceTree = "<group>"; };
		183F54AA1D952AB700B9F586 /* PTCalendarPickerCollectionViewCell.swift */ = {isa = PBXFileReference; fileEncoding = 4; lastKnownFileType = sourcecode.swift; name = PTCalendarPickerCollectionViewCell.swift; path = PTCalendarPickerView/PTCalendarPickerCollectionViewCell.swift; sourceTree = "<group>"; };
		183F54AC1D952AC800B9F586 /* PTCalendarPickerView.swift */ = {isa = PBXFileReference; fileEncoding = 4; lastKnownFileType = sourcecode.swift; name = PTCalendarPickerView.swift; path = PTCalendarPickerView/PTCalendarPickerView.swift; sourceTree = "<group>"; };
		183F54AE1D952AD200B9F586 /* PTCalendarPicker_left.png */ = {isa = PBXFileReference; lastKnownFileType = image.png; name = PTCalendarPicker_left.png; path = PTCalendarPickerView/Resources/PTCalendarPicker_left.png; sourceTree = "<group>"; };
		183F54AF1D952AD200B9F586 /* PTCalendarPicker_right.png */ = {isa = PBXFileReference; lastKnownFileType = image.png; name = PTCalendarPicker_right.png; path = PTCalendarPickerView/Resources/PTCalendarPicker_right.png; sourceTree = "<group>"; };
/* End PBXFileReference section */

/* Begin PBXFrameworksBuildPhase section */
		183F54881D9525BF00B9F586 /* Frameworks */ = {
			isa = PBXFrameworksBuildPhase;
			buildActionMask = 2147483647;
			files = (
			);
			runOnlyForDeploymentPostprocessing = 0;
		};
/* End PBXFrameworksBuildPhase section */

/* Begin PBXGroup section */
		183F54821D9525BF00B9F586 = {
			isa = PBXGroup;
			children = (
				183F548D1D9525BF00B9F586 /* PTCalendarPicker */,
				183F548C1D9525BF00B9F586 /* Products */,
			);
			sourceTree = "<group>";
		};
		183F548C1D9525BF00B9F586 /* Products */ = {
			isa = PBXGroup;
			children = (
				183F548B1D9525BF00B9F586 /* PTCalendarPicker.app */,
			);
			name = Products;
			sourceTree = "<group>";
		};
		183F548D1D9525BF00B9F586 /* PTCalendarPicker */ = {
			isa = PBXGroup;
			children = (
				183F54A01D9525F800B9F586 /* PTCalendarPickerView */,
				183F548E1D9525BF00B9F586 /* AppDelegate.swift */,
				183F54901D9525BF00B9F586 /* ViewController.swift */,
				183F54921D9525BF00B9F586 /* Main.storyboard */,
				183F54951D9525BF00B9F586 /* Assets.xcassets */,
				183F54971D9525BF00B9F586 /* LaunchScreen.storyboard */,
				183F549A1D9525BF00B9F586 /* Info.plist */,
			);
			path = PTCalendarPicker;
			sourceTree = "<group>";
		};
		183F54A01D9525F800B9F586 /* PTCalendarPickerView */ = {
			isa = PBXGroup;
			children = (
				183F54A51D95261200B9F586 /* Resource */,
				183F54AC1D952AC800B9F586 /* PTCalendarPickerView.swift */,
				183F54AA1D952AB700B9F586 /* PTCalendarPickerCollectionViewCell.swift */,
			);
			name = PTCalendarPickerView;
			sourceTree = "<group>";
		};
		183F54A51D95261200B9F586 /* Resource */ = {
			isa = PBXGroup;
			children = (
				183F54AE1D952AD200B9F586 /* PTCalendarPicker_left.png */,
				183F54AF1D952AD200B9F586 /* PTCalendarPicker_right.png */,
			);
			name = Resource;
			sourceTree = "<group>";
		};
/* End PBXGroup section */

/* Begin PBXNativeTarget section */
		183F548A1D9525BF00B9F586 /* PTCalendarPicker */ = {
			isa = PBXNativeTarget;
			buildConfigurationList = 183F549D1D9525BF00B9F586 /* Build configuration list for PBXNativeTarget "PTCalendarPicker" */;
			buildPhases = (
				183F54871D9525BF00B9F586 /* Sources */,
				183F54881D9525BF00B9F586 /* Frameworks */,
				183F54891D9525BF00B9F586 /* Resources */,
			);
			buildRules = (
			);
			dependencies = (
			);
			name = PTCalendarPicker;
			productName = PTCalendarPicker;
			productReference = 183F548B1D9525BF00B9F586 /* PTCalendarPicker.app */;
			productType = "com.apple.product-type.application";
		};
/* End PBXNativeTarget section */

/* Begin PBXProject section */
		183F54831D9525BF00B9F586 /* Project object */ = {
			isa = PBXProject;
			attributes = {
				LastSwiftUpdateCheck = 0730;
				LastUpgradeCheck = 0730;
				ORGANIZATIONNAME = apple403;
				TargetAttributes = {
					183F548A1D9525BF00B9F586 = {
						CreatedOnToolsVersion = 7.3.1;
					};
				};
			};
			buildConfigurationList = 183F54861D9525BF00B9F586 /* Build configuration list for PBXProject "PTCalendarPicker" */;
			compatibilityVersion = "Xcode 3.2";
			developmentRegion = English;
			hasScannedForEncodings = 0;
			knownRegions = (
				en,
				Base,
			);
			mainGroup = 183F54821D9525BF00B9F586;
			productRefGroup = 183F548C1D9525BF00B9F586 /* Products */;
			projectDirPath = "";
			projectRoot = "";
			targets = (
				183F548A1D9525BF00B9F586 /* PTCalendarPicker */,
			);
		};
/* End PBXProject section */

/* Begin PBXResourcesBuildPhase section */
		183F54891D9525BF00B9F586 /* Resources */ = {
			isa = PBXResourcesBuildPhase;
			buildActionMask = 2147483647;
			files = (
				183F54991D9525BF00B9F586 /* LaunchScreen.storyboard in Resources */,
				183F54B11D952AD200B9F586 /* PTCalendarPicker_right.png in Resources */,
				183F54961D9525BF00B9F586 /* Assets.xcassets in Resources */,
				183F54B01D952AD200B9F586 /* PTCalendarPicker_left.png in Resources */,
				183F54941D9525BF00B9F586 /* Main.storyboard in Resources */,
			);
			runOnlyForDeploymentPostprocessing = 0;
		};
/* End PBXResourcesBuildPhase section */

/* Begin PBXSourcesBuildPhase section */
		183F54871D9525BF00B9F586 /* Sources */ = {
			isa = PBXSourcesBuildPhase;
			buildActionMask = 2147483647;
			files = (
				183F54AB1D952AB700B9F586 /* PTCalendarPickerCollectionViewCell.swift in Sources */,
				183F54911D9525BF00B9F586 /* ViewController.swift in Sources */,
				183F548F1D9525BF00B9F586 /* AppDelegate.swift in Sources */,
				183F54AD1D952AC800B9F586 /* PTCalendarPickerView.swift in Sources */,
			);
			runOnlyForDeploymentPostprocessing = 0;
		};
/* End PBXSourcesBuildPhase section */

/* Begin PBXVariantGroup section */
		183F54921D9525BF00B9F586 /* Main.storyboard */ = {
			isa = PBXVariantGroup;
			children = (
				183F54931D9525BF00B9F586 /* Base */,
			);
			name = Main.storyboard;
			sourceTree = "<group>";
		};
		183F54971D9525BF00B9F586 /* LaunchScreen.storyboard */ = {
			isa = PBXVariantGroup;
			children = (
				183F54981D9525BF00B9F586 /* Base */,
			);
			name = LaunchScreen.storyboard;
			sourceTree = "<group>";
		};
/* End PBXVariantGroup section */

/* Begin XCBuildConfiguration section */
		183F549B1D9525BF00B9F586 /* Debug */ = {
			isa = XCBuildConfiguration;
			buildSettings = {
				ALWAYS_SEARCH_USER_PATHS = NO;
				CLANG_ANALYZER_NONNULL = YES;
				CLANG_CXX_LANGUAGE_STANDARD = "gnu++0x";
				CLANG_CXX_LIBRARY = "libc++";
				CLANG_ENABLE_MODULES = YES;
				CLANG_ENABLE_OBJC_ARC = YES;
				CLANG_WARN_BOOL_CONVERSION = YES;
				CLANG_WARN_CONSTANT_CONVERSION = YES;
				CLANG_WARN_DIRECT_OBJC_ISA_USAGE = YES_ERROR;
				CLANG_WARN_EMPTY_BODY = YES;
				CLANG_WARN_ENUM_CONVERSION = YES;
				CLANG_WARN_INT_CONVERSION = YES;
				CLANG_WARN_OBJC_ROOT_CLASS = YES_ERROR;
				CLANG_WARN_UNREACHABLE_CODE = YES;
				CLANG_WARN__DUPLICATE_METHOD_MATCH = YES;
				"CODE_SIGN_IDENTITY[sdk=iphoneos*]" = "iPhone Developer";
				COPY_PHASE_STRIP = NO;
				DEBUG_INFORMATION_FORMAT = dwarf;
				ENABLE_STRICT_OBJC_MSGSEND = YES;
				ENABLE_TESTABILITY = YES;
				GCC_C_LANGUAGE_STANDARD = gnu99;
				GCC_DYNAMIC_NO_PIC = NO;
				GCC_NO_COMMON_BLOCKS = YES;
				GCC_OPTIMIZATION_LEVEL = 0;
				GCC_PREPROCESSOR_DEFINITIONS = (
					"DEBUG=1",
					"$(inherited)",
				);
				GCC_WARN_64_TO_32_BIT_CONVERSION = YES;
				GCC_WARN_ABOUT_RETURN_TYPE = YES_ERROR;
				GCC_WARN_UNDECLARED_SELECTOR = YES;
				GCC_WARN_UNINITIALIZED_AUTOS = YES_AGGRESSIVE;
				GCC_WARN_UNUSED_FUNCTION = YES;
				GCC_WARN_UNUSED_VARIABLE = YES;
				IPHONEOS_DEPLOYMENT_TARGET = 9.3;
				MTL_ENABLE_DEBUG_INFO = YES;
				ONLY_ACTIVE_ARCH = YES;
				SDKROOT = iphoneos;
				SWIFT_OPTIMIZATION_LEVEL = "-Onone";
			};
			name = Debug;
		};
		183F549C1D9525BF00B9F586 /* Release */ = {
			isa = XCBuildConfiguration;
			buildSettings = {
				ALWAYS_SEARCH_USER_PATHS = NO;
				CLANG_ANALYZER_NONNULL = YES;
				CLANG_CXX_LANGUAGE_STANDARD = "gnu++0x";
				CLANG_CXX_LIBRARY = "libc++";
				CLANG_ENABLE_MODULES = YES;
				CLANG_ENABLE_OBJC_ARC = YES;
				CLANG_WARN_BOOL_CONVERSION = YES;
				CLANG_WARN_CONSTANT_CONVERSION = YES;
				CLANG_WARN_DIRECT_OBJC_ISA_USAGE = YES_ERROR;
				CLANG_WARN_EMPTY_BODY = YES;
				CLANG_WARN_ENUM_CONVERSION = YES;
				CLANG_WARN_INT_CONVERSION = YES;
				CLANG_WARN_OBJC_ROOT_CLASS = YES_ERROR;
				CLANG_WARN_UNREACHABLE_CODE = YES;
				CLANG_WARN__DUPLICATE_METHOD_MATCH = YES;
				"CODE_SIGN_IDENTITY[sdk=iphoneos*]" = "iPhone Developer";
				COPY_PHASE_STRIP = NO;
				DEBUG_INFORMATION_FORMAT = "dwarf-with-dsym";
				ENABLE_NS_ASSERTIONS = NO;
				ENABLE_STRICT_OBJC_MSGSEND = YES;
				GCC_C_LANGUAGE_STANDARD = gnu99;
				GCC_NO_COMMON_BLOCKS = YES;
				GCC_WARN_64_TO_32_BIT_CONVERSION = YES;
				GCC_WARN_ABOUT_RETURN_TYPE = YES_ERROR;
				GCC_WARN_UNDECLARED_SELECTOR = YES;
				GCC_WARN_UNINITIALIZED_AUTOS = YES_AGGRESSIVE;
				GCC_WARN_UNUSED_FUNCTION = YES;
				GCC_WARN_UNUSED_VARIABLE = YES;
				IPHONEOS_DEPLOYMENT_TARGET = 9.3;
				MTL_ENABLE_DEBUG_INFO = NO;
				SDKROOT = iphoneos;
				VALIDATE_PRODUCT = YES;
			};
			name = Release;
		};
		183F549E1D9525BF00B9F586 /* Debug */ = {
			isa = XCBuildConfiguration;
			buildSettings = {
				ASSETCATALOG_COMPILER_APPICON_NAME = AppIcon;
				INFOPLIST_FILE = PTCalendarPicker/Info.plist;
				LD_RUNPATH_SEARCH_PATHS = "$(inherited) @executable_path/Frameworks";
				PRODUCT_BUNDLE_IDENTIFIER = edu.jmu.201561000002.PTCalendarPicker;
				PRODUCT_NAME = "$(TARGET_NAME)";
			};
			name = Debug;
		};
		183F549F1D9525BF00B9F586 /* Release */ = {
			isa = XCBuildConfiguration;
			buildSettings = {
				ASSETCATALOG_COMPILER_APPICON_NAME = AppIcon;
				INFOPLIST_FILE = PTCalendarPicker/Info.plist;
				LD_RUNPATH_SEARCH_PATHS = "$(inherited) @executable_path/Frameworks";
				PRODUCT_BUNDLE_IDENTIFIER = edu.jmu.201561000002.PTCalendarPicker;
				PRODUCT_NAME = "$(TARGET_NAME)";
			};
			name = Release;
		};
/* End XCBuildConfiguration section */

/* Begin XCConfigurationList section */
		183F54861D9525BF00B9F586 /* Build configuration list for PBXProject "PTCalendarPicker" */ = {
			isa = XCConfigurationList;
			buildConfigurations = (
				183F549B1D9525BF00B9F586 /* Debug */,
				183F549C1D9525BF00B9F586 /* Release */,
			);
			defaultConfigurationIsVisible = 0;
			defaultConfigurationName = Release;
		};
		183F549D1D9525BF00B9F586 /* Build configuration list for PBXNativeTarget "PTCalendarPicker" */ = {
			isa = XCConfigurationList;
			buildConfigurations = (
				183F549E1D9525BF00B9F586 /* Debug */,
				183F549F1D9525BF00B9F586 /* Release */,
			);
			defaultConfigurationIsVisible = 0;
			defaultConfigurationName = Release;
		};
/* End XCConfigurationList section */
	};
	rootObject = 183F54831D9525BF00B9F586 /* Project object */;
}
